
Microsoft Visual Studio Solution File, Format Version 12.00
# Visual Studio 15
VisualStudioVersion = 15.0.28307.539
MinimumVisualStudioVersion = 10.0.40219.1
Project("{FAE04EC0-301F-11D3-BF4B-00C04F79EFBC}") = "iTunesArtworkFinder", "iTunesArtworkFinder\iTunesArtworkFinder.csproj", "{CFAE13DD-B859-43E6-A2F9-564A2015C37A}"
EndProject
Global
	GlobalSection(SolutionConfigurationPlatforms) = preSolution
		Debug|Any CPU = Debug|Any CPU
		Release|Any CPU = Release|Any CPU
	EndGlobalSection
	GlobalSection(ProjectConfigurationPlatforms) = postSolution
		{CFAE13DD-B859-43E6-A2F9-564A2015C37A}.Debug|Any CPU.ActiveCfg = Debug|Any CPU
		{CFAE13DD-B859-43E6-A2F9-564A2015C37A}.Debug|Any CPU.Build.0 = Debug|Any CPU
		{CFAE13DD-B859-43E6-A2F9-564A2015C37A}.Release|Any CPU.ActiveCfg = Release|Any CPU
		{CFAE13DD-B859-43E6-A2F9-564A2015C37A}.Release|Any CPU.Build.0 = Release|Any CPU
	EndGlobalSection
	GlobalSection(SolutionProperties) = preSolution
		HideSolutionNode = FALSE
	EndGlobalSection
	GlobalSection(ExtensibilityGlobals) = postSolution
		SolutionGuid = {5AFF3255-0BA4-452D-B12E-BCD14A386A89}
	EndGlobalSection
EndGlobal
